
Microsoft Visual Studio Solution File, Format Version 12.00
# Visual Studio Version 17
VisualStudioVersion = 17.12.35707.178
MinimumVisualStudioVersion = 10.0.40219.1
Project("{FAE04EC0-301F-11D3-BF4B-00C04F79EFBC}") = "ASNLawClient", "ASNLawClient\ASNLawClient.csproj", "{BD46441E-846B-4A5F-8E44-77B1D0325CC3}"
EndProject
Project("{FAE04EC0-301F-11D3-BF4B-00C04F79EFBC}") = "ASNLawClient.Client", "ASNLawClient.Client\ASNLawClient.Client.csproj", "{77F4C724-00B1-43D7-B386-7333F8DA4D73}"
EndProject
Project("{E53339B2-1760-4266-BCC7-CA923CBCF16C}") = "docker-compose", "docker-compose.dcproj", "{6B645BB1-C145-4318-82BF-077655E55C7F}"
EndProject
Global
	GlobalSection(SolutionConfigurationPlatforms) = preSolution
		Debug|Any CPU = Debug|Any CPU
		Release|Any CPU = Release|Any CPU
	EndGlobalSection
	GlobalSection(ProjectConfigurationPlatforms) = postSolution
		{BD46441E-846B-4A5F-8E44-77B1D0325CC3}.Debug|Any CPU.ActiveCfg = Debug|Any CPU
		{BD46441E-846B-4A5F-8E44-77B1D0325CC3}.Debug|Any CPU.Build.0 = Debug|Any CPU
		{BD46441E-846B-4A5F-8E44-77B1D0325CC3}.Release|Any CPU.ActiveCfg = Release|Any CPU
		{BD46441E-846B-4A5F-8E44-77B1D0325CC3}.Release|Any CPU.Build.0 = Release|Any CPU
		{77F4C724-00B1-43D7-B386-7333F8DA4D73}.Debug|Any CPU.ActiveCfg = Debug|Any CPU
		{77F4C724-00B1-43D7-B386-7333F8DA4D73}.Debug|Any CPU.Build.0 = Debug|Any CPU
		{77F4C724-00B1-43D7-B386-7333F8DA4D73}.Release|Any CPU.ActiveCfg = Release|Any CPU
		{77F4C724-00B1-43D7-B386-7333F8DA4D73}.Release|Any CPU.Build.0 = Release|Any CPU
		{6B645BB1-C145-4318-82BF-077655E55C7F}.Debug|Any CPU.ActiveCfg = Debug|Any CPU
		{6B645BB1-C145-4318-82BF-077655E55C7F}.Debug|Any CPU.Build.0 = Debug|Any CPU
		{6B645BB1-C145-4318-82BF-077655E55C7F}.Release|Any CPU.ActiveCfg = Release|Any CPU
		{6B645BB1-C145-4318-82BF-077655E55C7F}.Release|Any CPU.Build.0 = Release|Any CPU
	EndGlobalSection
	GlobalSection(SolutionProperties) = preSolution
		HideSolutionNode = FALSE
	EndGlobalSection
EndGlobal
